
Microsoft Visual Studio Solution File, Format Version 12.00
# Visual Studio Version 17
VisualStudioVersion = 17.2.32519.379
MinimumVisualStudioVersion = 10.0.40219.1
Project("{9A19103F-16F7-4668-BE54-9A1E7A4F7556}") = "ScreenR.Desktop.Core", "ScreenR.Desktop.Core\ScreenR.Desktop.Core.csproj", "{9F75C75A-8444-4946-8554-75BFB166BD02}"
EndProject
Project("{9A19103F-16F7-4668-BE54-9A1E7A4F7556}") = "ScreenR.Desktop.Windows", "ScreenR.Desktop.Windows\ScreenR.Desktop.Windows.csproj", "{23DDFBA1-0B0A-4B6F-AC22-4A93DB9017FB}"
EndProject
Project("{9A19103F-16F7-4668-BE54-9A1E7A4F7556}") = "ScreenR.Desktop.Windows.Tests", "ScreenR.Desktop.Windows.Tests\ScreenR.Desktop.Windows.Tests.csproj", "{6D20BBC2-4EEB-40BD-943B-77440FD842F4}"
EndProject
Project("{9A19103F-16F7-4668-BE54-9A1E7A4F7556}") = "ScreenR.Web.Server", "ScreenR.Web\Server\ScreenR.Web.Server.csproj", "{A0771339-1D1B-4B4F-9972-7E7AC7185BD3}"
EndProject
Project("{9A19103F-16F7-4668-BE54-9A1E7A4F7556}") = "ScreenR.Web.Client", "ScreenR.Web\Client\ScreenR.Web.Client.csproj", "{F5C377DD-ADA4-4CEE-B70B-3A72CA23470D}"
EndProject
Project("{9A19103F-16F7-4668-BE54-9A1E7A4F7556}") = "ScreenR.Web.Shared", "ScreenR.Web\Shared\ScreenR.Web.Shared.csproj", "{AA668938-9B32-4F16-875C-5BA9900C76BE}"
EndProject
Project("{9A19103F-16F7-4668-BE54-9A1E7A4F7556}") = "ScreenR.Service", "ScreenR.Service\ScreenR.Service.csproj", "{A650795E-A30A-428D-92A2-BC99EEC6AA81}"
EndProject
Project("{9A19103F-16F7-4668-BE54-9A1E7A4F7556}") = "ScreenR.Shared", "ScreenR.Shared\ScreenR.Shared.csproj", "{215202B9-CB0C-41B4-9FB8-2C4B305E2C5F}"
EndProject
Global
	GlobalSection(SolutionConfigurationPlatforms) = preSolution
		Debug|Any CPU = Debug|Any CPU
		Release|Any CPU = Release|Any CPU
	EndGlobalSection
	GlobalSection(ProjectConfigurationPlatforms) = postSolution
		{9F75C75A-8444-4946-8554-75BFB166BD02}.Debug|Any CPU.ActiveCfg = Debug|Any CPU
		{9F75C75A-8444-4946-8554-75BFB166BD02}.Debug|Any CPU.Build.0 = Debug|Any CPU
		{9F75C75A-8444-4946-8554-75BFB166BD02}.Release|Any CPU.ActiveCfg = Release|Any CPU
		{9F75C75A-8444-4946-8554-75BFB166BD02}.Release|Any CPU.Build.0 = Release|Any CPU
		{23DDFBA1-0B0A-4B6F-AC22-4A93DB9017FB}.Debug|Any CPU.ActiveCfg = Debug|Any CPU
		{23DDFBA1-0B0A-4B6F-AC22-4A93DB9017FB}.Debug|Any CPU.Build.0 = Debug|Any CPU
		{23DDFBA1-0B0A-4B6F-AC22-4A93DB9017FB}.Release|Any CPU.ActiveCfg = Release|Any CPU
		{23DDFBA1-0B0A-4B6F-AC22-4A93DB9017FB}.Release|Any CPU.Build.0 = Release|Any CPU
		{6D20BBC2-4EEB-40BD-943B-77440FD842F4}.Debug|Any CPU.ActiveCfg = Debug|Any CPU
		{6D20BBC2-4EEB-40BD-943B-77440FD842F4}.Debug|Any CPU.Build.0 = Debug|Any CPU
		{6D20BBC2-4EEB-40BD-943B-77440FD842F4}.Release|Any CPU.ActiveCfg = Release|Any CPU
		{6D20BBC2-4EEB-40BD-943B-77440FD842F4}.Release|Any CPU.Build.0 = Release|Any CPU
		{A0771339-1D1B-4B4F-9972-7E7AC7185BD3}.Debug|Any CPU.ActiveCfg = Debug|Any CPU
		{A0771339-1D1B-4B4F-9972-7E7AC7185BD3}.Debug|Any CPU.Build.0 = Debug|Any CPU
		{A0771339-1D1B-4B4F-9972-7E7AC7185BD3}.Release|Any CPU.ActiveCfg = Release|Any CPU
		{A0771339-1D1B-4B4F-9972-7E7AC7185BD3}.Release|Any CPU.Build.0 = Release|Any CPU
		{F5C377DD-ADA4-4CEE-B70B-3A72CA23470D}.Debug|Any CPU.ActiveCfg = Debug|Any CPU
		{F5C377DD-ADA4-4CEE-B70B-3A72CA23470D}.Debug|Any CPU.Build.0 = Debug|Any CPU
		{F5C377DD-ADA4-4CEE-B70B-3A72CA23470D}.Release|Any CPU.ActiveCfg = Release|Any CPU
		{F5C377DD-ADA4-4CEE-B70B-3A72CA23470D}.Release|Any CPU.Build.0 = Release|Any CPU
		{AA668938-9B32-4F16-875C-5BA9900C76BE}.Debug|Any CPU.ActiveCfg = Debug|Any CPU
		{AA668938-9B32-4F16-875C-5BA9900C76BE}.Debug|Any CPU.Build.0 = Debug|Any CPU
		{AA668938-9B32-4F16-875C-5BA9900C76BE}.Release|Any CPU.ActiveCfg = Release|Any CPU
		{AA668938-9B32-4F16-875C-5BA9900C76BE}.Release|Any CPU.Build.0 = Release|Any CPU
		{A650795E-A30A-428D-92A2-BC99EEC6AA81}.Debug|Any CPU.ActiveCfg = Debug|Any CPU
		{A650795E-A30A-428D-92A2-BC99EEC6AA81}.Debug|Any CPU.Build.0 = Debug|Any CPU
		{A650795E-A30A-428D-92A2-BC99EEC6AA81}.Release|Any CPU.ActiveCfg = Release|Any CPU
		{A650795E-A30A-428D-92A2-BC99EEC6AA81}.Release|Any CPU.Build.0 = Release|Any CPU
		{215202B9-CB0C-41B4-9FB8-2C4B305E2C5F}.Debug|Any CPU.ActiveCfg = Debug|Any CPU
		{215202B9-CB0C-41B4-9FB8-2C4B305E2C5F}.Debug|Any CPU.Build.0 = Debug|Any CPU
		{215202B9-CB0C-41B4-9FB8-2C4B305E2C5F}.Release|Any CPU.ActiveCfg = Release|Any CPU
		{215202B9-CB0C-41B4-9FB8-2C4B305E2C5F}.Release|Any CPU.Build.0 = Release|Any CPU
	EndGlobalSection
	GlobalSection(SolutionProperties) = preSolution
		HideSolutionNode = FALSE
	EndGlobalSection
	GlobalSection(ExtensibilityGlobals) = postSolution
		SolutionGuid = {69272D9D-668F-4BA9-8E80-D4436540C717}
	EndGlobalSection
EndGlobal
